Microsoft Visual Studio Solution File, Format Version 12.00
# Visual Studio 15
VisualStudioVersion = 15.0.26430.14
MinimumVisualStudioVersion = 10.0.40219.1
Project("{FAE04EC0-301F-11D3-BF4B-00C04F79EFBC}") = "Tester.Standard", "Tester.Standard/Tester.Standard.csproj", "{bfeef19b-3621-4ecf-9cad-68983b3f0ca8}"
EndProject
Project("{FAE04EC0-301F-11D3-BF4B-00C04F79EFBC}") = "Tester.Tests", "Tester.Tests/Tester.Tests.csproj", "{423f0391-9310-4e4f-bbd1-ec91d038f9e5}"
EndProject
Global
    GlobalSection(SolutionConfigurationPlatforms) = preSolution
        Debug|Any CPU = Debug|Any CPU
        Release|Any CPU = Release|Any CPU
    EndGlobalSection
    GlobalSection(ProjectConfigurationPlatforms) = postSolution
        {bfeef19b-3621-4ecf-9cad-68983b3f0ca8}.Debug|Any CPU.ActiveCfg = Debug|Any CPU
        {bfeef19b-3621-4ecf-9cad-68983b3f0ca8}.Debug|Any CPU.Build.0 = Debug|Any CPU
        {bfeef19b-3621-4ecf-9cad-68983b3f0ca8}.Release|Any CPU.ActiveCfg = Release|Any CPU
        {bfeef19b-3621-4ecf-9cad-68983b3f0ca8}.Release|Any CPU.Build.0 = Release|Any CPU
        {423f0391-9310-4e4f-bbd1-ec91d038f9e5}.Debug|Any CPU.ActiveCfg = Debug|Any CPU
        {423f0391-9310-4e4f-bbd1-ec91d038f9e5}.Debug|Any CPU.Build.0 = Debug|Any CPU
        {423f0391-9310-4e4f-bbd1-ec91d038f9e5}.Release|Any CPU.ActiveCfg = Release|Any CPU
        {423f0391-9310-4e4f-bbd1-ec91d038f9e5}.Release|Any CPU.Build.0 = Release|Any CPU
    EndGlobalSection
    GlobalSection(SolutionProperties) = preSolution
        HideSolutionNode = FALSE
    EndGlobalSection
EndGlobal
